
Microsoft Visual Studio Solution File, Format Version 12.00
# Visual Studio 15
VisualStudioVersion = 15.0.28307.645
MinimumVisualStudioVersion = 10.0.40219.1
Project("{FAE04EC0-301F-11D3-BF4B-00C04F79EFBC}") = "BlogM", "BlogM\BlogM.csproj", "{9588D4EF-D576-4B92-91E1-3EC87A60FE5F}"
EndProject
Global
	GlobalSection(SolutionConfigurationPlatforms) = preSolution
		Debug|Any CPU = Debug|Any CPU
		Release|Any CPU = Release|Any CPU
	EndGlobalSection
	GlobalSection(ProjectConfigurationPlatforms) = postSolution
		{9588D4EF-D576-4B92-91E1-3EC87A60FE5F}.Debug|Any CPU.ActiveCfg = Debug|Any CPU
		{9588D4EF-D576-4B92-91E1-3EC87A60FE5F}.Debug|Any CPU.Build.0 = Debug|Any CPU
		{9588D4EF-D576-4B92-91E1-3EC87A60FE5F}.Release|Any CPU.ActiveCfg = Release|Any CPU
		{9588D4EF-D576-4B92-91E1-3EC87A60FE5F}.Release|Any CPU.Build.0 = Release|Any CPU
	EndGlobalSection
	GlobalSection(SolutionProperties) = preSolution
		HideSolutionNode = FALSE
	EndGlobalSection
	GlobalSection(ExtensibilityGlobals) = postSolution
		SolutionGuid = {272ABFAB-902E-45EB-9881-E0ABD4BC188B}
	EndGlobalSection
EndGlobal
